
Microsoft Visual Studio Solution File, Format Version 12.00
# Visual Studio Version 16
VisualStudioVersion = 16.0.31025.194
MinimumVisualStudioVersion = 10.0.40219.1
Project("{FAE04EC0-301F-11D3-BF4B-00C04F79EFBC}") = "MyFinance", "MyFinance\MyFinance.csproj", "{535F0263-03CB-4B49-A0B4-9B27A7BAEEA3}"
EndProject
Global
	GlobalSection(SolutionConfigurationPlatforms) = preSolution
		Debug|Any CPU = Debug|Any CPU
		Release|Any CPU = Release|Any CPU
	EndGlobalSection
	GlobalSection(ProjectConfigurationPlatforms) = postSolution
		{535F0263-03CB-4B49-A0B4-9B27A7BAEEA3}.Debug|Any CPU.ActiveCfg = Debug|Any CPU
		{535F0263-03CB-4B49-A0B4-9B27A7BAEEA3}.Debug|Any CPU.Build.0 = Debug|Any CPU
		{535F0263-03CB-4B49-A0B4-9B27A7BAEEA3}.Release|Any CPU.ActiveCfg = Release|Any CPU
		{535F0263-03CB-4B49-A0B4-9B27A7BAEEA3}.Release|Any CPU.Build.0 = Release|Any CPU
	EndGlobalSection
	GlobalSection(SolutionProperties) = preSolution
		HideSolutionNode = FALSE
	EndGlobalSection
	GlobalSection(ExtensibilityGlobals) = postSolution
		SolutionGuid = {0D671DCC-691F-4C3A-96BD-E0E0FB733116}
	EndGlobalSection
EndGlobal
